{
    "_meta": {
        "hash": {
            "sha256": "0dc3b526ec6a310cd6d893037341c4df06c7a9392eb7452b044f93b2a5b9fc91"
        },
        "pipfile-spec": 6,
        "requires": {
            "python_version": "3.10"
        },
        "sources": [
            {
                "name": "pypi",
                "url": "https://pypi.org/simple",
                "verify_ssl": true
            }
        ]
    },
    "default": {},
    "develop": {}
}
